
Microsoft Visual Studio Solution File, Format Version 12.00
# Visual Studio Version 17
VisualStudioVersion = 17.3.32929.385
MinimumVisualStudioVersion = 10.0.40219.1
Project("{9A19103F-16F7-4668-BE54-9A1E7A4F7556}") = "Server.APi", "Server.APi\Server.APi.csproj", "{5970AA19-3D6E-407E-A80C-8D5C6E5BCD51}"
EndProject
Project("{9A19103F-16F7-4668-BE54-9A1E7A4F7556}") = "Server.Core", "Server.Core\Server.Core.csproj", "{C095B661-81CF-4592-BCAC-83AD308E2397}"
EndProject
Project("{9A19103F-16F7-4668-BE54-9A1E7A4F7556}") = "Server.Data", "Server.Data\Server.Data.csproj", "{08B9C8F1-537F-4B6C-9562-F4F28603D174}"
EndProject
Project("{9A19103F-16F7-4668-BE54-9A1E7A4F7556}") = "Server.Service", "Server.Service\Server.Service.csproj", "{7C912C1A-0B72-48AF-8F68-BD8FB238E6E6}"
EndProject
Global
	GlobalSection(SolutionConfigurationPlatforms) = preSolution
		Debug|Any CPU = Debug|Any CPU
		Release|Any CPU = Release|Any CPU
	EndGlobalSection
	GlobalSection(ProjectConfigurationPlatforms) = postSolution
		{5970AA19-3D6E-407E-A80C-8D5C6E5BCD51}.Debug|Any CPU.ActiveCfg = Debug|Any CPU
		{5970AA19-3D6E-407E-A80C-8D5C6E5BCD51}.Debug|Any CPU.Build.0 = Debug|Any CPU
		{5970AA19-3D6E-407E-A80C-8D5C6E5BCD51}.Release|Any CPU.ActiveCfg = Release|Any CPU
		{5970AA19-3D6E-407E-A80C-8D5C6E5BCD51}.Release|Any CPU.Build.0 = Release|Any CPU
		{C095B661-81CF-4592-BCAC-83AD308E2397}.Debug|Any CPU.ActiveCfg = Debug|Any CPU
		{C095B661-81CF-4592-BCAC-83AD308E2397}.Debug|Any CPU.Build.0 = Debug|Any CPU
		{C095B661-81CF-4592-BCAC-83AD308E2397}.Release|Any CPU.ActiveCfg = Release|Any CPU
		{C095B661-81CF-4592-BCAC-83AD308E2397}.Release|Any CPU.Build.0 = Release|Any CPU
		{08B9C8F1-537F-4B6C-9562-F4F28603D174}.Debug|Any CPU.ActiveCfg = Debug|Any CPU
		{08B9C8F1-537F-4B6C-9562-F4F28603D174}.Debug|Any CPU.Build.0 = Debug|Any CPU
		{08B9C8F1-537F-4B6C-9562-F4F28603D174}.Release|Any CPU.ActiveCfg = Release|Any CPU
		{08B9C8F1-537F-4B6C-9562-F4F28603D174}.Release|Any CPU.Build.0 = Release|Any CPU
		{7C912C1A-0B72-48AF-8F68-BD8FB238E6E6}.Debug|Any CPU.ActiveCfg = Debug|Any CPU
		{7C912C1A-0B72-48AF-8F68-BD8FB238E6E6}.Debug|Any CPU.Build.0 = Debug|Any CPU
		{7C912C1A-0B72-48AF-8F68-BD8FB238E6E6}.Release|Any CPU.ActiveCfg = Release|Any CPU
		{7C912C1A-0B72-48AF-8F68-BD8FB238E6E6}.Release|Any CPU.Build.0 = Release|Any CPU
	EndGlobalSection
	GlobalSection(SolutionProperties) = preSolution
		HideSolutionNode = FALSE
	EndGlobalSection
	GlobalSection(ExtensibilityGlobals) = postSolution
		SolutionGuid = {2431113A-0FD7-41B8-B6C1-7D9022318948}
	EndGlobalSection
EndGlobal
